github.com/MASuwandi/go-say-hello v1.0.0 h1:UHUfRlmJZvnSrEGIWL8X7vIbcMnV/Lr9ZYZS8TTktFc=
github.com/MASuwandi/go-say-hello v1.0.0/go.mod h1:ZNoZMinbq0yznfNVaBsF3ZVodfz63AVdYqZyVdy2jNs=
github.com/MASuwandi/go-say-hello v1.5.0 h1:hP81nEM8OoAI+SBt0qMLHopAtiAJ+TufwfbaBu7HIKk=
github.com/MASuwandi/go-say-hello v1.5.0/go.mod h1:ZNoZMinbq0yznfNVaBsF3ZVodfz63AVdYqZyVdy2jNs=
github.com/MASuwandi/go-say-hello/v2 v2.0.0 h1:7/qqlN+iZz5MMxvGG81Zpk485cP5NpJWNTMLhmE0ebk=
github.com/MASuwandi/go-say-hello/v2 v2.0.0/go.mod h1:6jbarXrps4TMyfVZ1nLNeVHsTsRuKJVDF6hz2aDIHHg=
